
Microsoft Visual Studio Solution File, Format Version 12.00
# Visual Studio Version 17
VisualStudioVersion = 17.5.002.0
MinimumVisualStudioVersion = 10.0.40219.1
Project("{9A19103F-16F7-4668-BE54-9A1E7A4F7556}") = "Juego-Gwent", "Juego-Gwent.csproj", "{C6734AF0-3228-475E-AF8A-42C247568A50}"
EndProject
Global
	GlobalSection(SolutionConfigurationPlatforms) = preSolution
		Debug|Any CPU = Debug|Any CPU
		Release|Any CPU = Release|Any CPU
	EndGlobalSection
	GlobalSection(ProjectConfigurationPlatforms) = postSolution
		{C6734AF0-3228-475E-AF8A-42C247568A50}.Debug|Any CPU.ActiveCfg = Debug|Any CPU
		{C6734AF0-3228-475E-AF8A-42C247568A50}.Debug|Any CPU.Build.0 = Debug|Any CPU
		{C6734AF0-3228-475E-AF8A-42C247568A50}.Release|Any CPU.ActiveCfg = Release|Any CPU
		{C6734AF0-3228-475E-AF8A-42C247568A50}.Release|Any CPU.Build.0 = Release|Any CPU
	EndGlobalSection
	GlobalSection(SolutionProperties) = preSolution
		HideSolutionNode = FALSE
	EndGlobalSection
	GlobalSection(ExtensibilityGlobals) = postSolution
		SolutionGuid = {80B87C99-A3B0-410A-B526-B781CD270359}
	EndGlobalSection
EndGlobal
